
Microsoft Visual Studio Solution File, Format Version 12.00
# Visual Studio 2017
Project("{FAE04EC0-301F-11D3-BF4B-00C04F79EFBC}") = "SpaceEscape", "SpaceEscape.csproj", "{375107E6-7522-F06A-E594-E487C1F05C45}"
EndProject
Project("{FAE04EC0-301F-11D3-BF4B-00C04F79EFBC}") = "SpaceEscape.Editor", "SpaceEscape.Editor.csproj", "{9D0ED30F-ABB5-C515-5D58-6B2475E99EEB}"
EndProject
Global
	GlobalSection(SolutionConfigurationPlatforms) = preSolution
		Debug|Any CPU = Debug|Any CPU
		Release|Any CPU = Release|Any CPU
	EndGlobalSection
	GlobalSection(ProjectConfigurationPlatforms) = postSolution
		{375107E6-7522-F06A-E594-E487C1F05C45}.Debug|Any CPU.ActiveCfg = Debug|Any CPU
		{375107E6-7522-F06A-E594-E487C1F05C45}.Debug|Any CPU.Build.0 = Debug|Any CPU
		{375107E6-7522-F06A-E594-E487C1F05C45}.Release|Any CPU.ActiveCfg = Release|Any CPU
		{375107E6-7522-F06A-E594-E487C1F05C45}.Release|Any CPU.Build.0 = Release|Any CPU
		{9D0ED30F-ABB5-C515-5D58-6B2475E99EEB}.Debug|Any CPU.ActiveCfg = Debug|Any CPU
		{9D0ED30F-ABB5-C515-5D58-6B2475E99EEB}.Debug|Any CPU.Build.0 = Debug|Any CPU
		{9D0ED30F-ABB5-C515-5D58-6B2475E99EEB}.Release|Any CPU.ActiveCfg = Release|Any CPU
		{9D0ED30F-ABB5-C515-5D58-6B2475E99EEB}.Release|Any CPU.Build.0 = Release|Any CPU
	EndGlobalSection
	GlobalSection(SolutionProperties) = preSolution
		HideSolutionNode = FALSE
	EndGlobalSection
EndGlobal
